
Microsoft Visual Studio Solution File, Format Version 12.00
# Visual Studio Version 17
VisualStudioVersion = 17.4.33213.308
MinimumVisualStudioVersion = 10.0.40219.1
Project("{FAE04EC0-301F-11D3-BF4B-00C04F79EFBC}") = "WebApplication1", "WebApplication1.csproj", "{102433ED-B4ED-4C8E-90BD-2D7E0614B22B}"
EndProject
Global
	GlobalSection(SolutionConfigurationPlatforms) = preSolution
		Debug|Any CPU = Debug|Any CPU
		Release|Any CPU = Release|Any CPU
	EndGlobalSection
	GlobalSection(ProjectConfigurationPlatforms) = postSolution
		{102433ED-B4ED-4C8E-90BD-2D7E0614B22B}.Debug|Any CPU.ActiveCfg = Debug|Any CPU
		{102433ED-B4ED-4C8E-90BD-2D7E0614B22B}.Debug|Any CPU.Build.0 = Debug|Any CPU
		{102433ED-B4ED-4C8E-90BD-2D7E0614B22B}.Release|Any CPU.ActiveCfg = Release|Any CPU
		{102433ED-B4ED-4C8E-90BD-2D7E0614B22B}.Release|Any CPU.Build.0 = Release|Any CPU
	EndGlobalSection
	GlobalSection(SolutionProperties) = preSolution
		HideSolutionNode = FALSE
	EndGlobalSection
	GlobalSection(ExtensibilityGlobals) = postSolution
		SolutionGuid = {FBD86B97-19ED-4CA7-A68D-8C38F3AAF54A}
	EndGlobalSection
EndGlobal
